
Microsoft Visual Studio Solution File, Format Version 12.00
Project("{FAE04EC0-301F-11D3-BF4B-00C04F79EFBC}") = "AaruBenchmark", "AaruBenchmark\AaruBenchmark.csproj", "{19D6E240-64A0-4F06-BF38-EEE93BE86F30}"
EndProject
Project("{FAE04EC0-301F-11D3-BF4B-00C04F79EFBC}") = "Aaru.Checksums", "Aaru.Checksums\Aaru.Checksums.csproj", "{CC48B324-A532-4A45-87A6-6F91F7141E8D}"
EndProject
Project("{FAE04EC0-301F-11D3-BF4B-00C04F79EFBC}") = "Aaru.CommonTypes", "Aaru.CommonTypes\Aaru.CommonTypes.csproj", "{F2B84194-26EB-4227-B1C5-6602517E85AE}"
EndProject
Project("{FAE04EC0-301F-11D3-BF4B-00C04F79EFBC}") = "Aaru.Console", "Aaru.Console\Aaru.Console.csproj", "{CCAA7AFE-C094-4D82-A66D-630DE8A3F545}"
EndProject
Project("{FAE04EC0-301F-11D3-BF4B-00C04F79EFBC}") = "Aaru.Helpers", "Aaru.Helpers\Aaru.Helpers.csproj", "{F8BDF57B-1571-4CD0-84B3-B422088D359A}"
EndProject
Global
	GlobalSection(SolutionConfigurationPlatforms) = preSolution
		Debug|Any CPU = Debug|Any CPU
		Release|Any CPU = Release|Any CPU
	EndGlobalSection
	GlobalSection(ProjectConfigurationPlatforms) = postSolution
		{19D6E240-64A0-4F06-BF38-EEE93BE86F30}.Debug|Any CPU.ActiveCfg = Debug|Any CPU
		{19D6E240-64A0-4F06-BF38-EEE93BE86F30}.Debug|Any CPU.Build.0 = Debug|Any CPU
		{19D6E240-64A0-4F06-BF38-EEE93BE86F30}.Release|Any CPU.ActiveCfg = Release|Any CPU
		{19D6E240-64A0-4F06-BF38-EEE93BE86F30}.Release|Any CPU.Build.0 = Release|Any CPU
		{CC48B324-A532-4A45-87A6-6F91F7141E8D}.Debug|Any CPU.ActiveCfg = Debug|Any CPU
		{CC48B324-A532-4A45-87A6-6F91F7141E8D}.Debug|Any CPU.Build.0 = Debug|Any CPU
		{CC48B324-A532-4A45-87A6-6F91F7141E8D}.Release|Any CPU.ActiveCfg = Release|Any CPU
		{CC48B324-A532-4A45-87A6-6F91F7141E8D}.Release|Any CPU.Build.0 = Release|Any CPU
		{F2B84194-26EB-4227-B1C5-6602517E85AE}.Debug|Any CPU.ActiveCfg = Debug|Any CPU
		{F2B84194-26EB-4227-B1C5-6602517E85AE}.Debug|Any CPU.Build.0 = Debug|Any CPU
		{F2B84194-26EB-4227-B1C5-6602517E85AE}.Release|Any CPU.ActiveCfg = Release|Any CPU
		{F2B84194-26EB-4227-B1C5-6602517E85AE}.Release|Any CPU.Build.0 = Release|Any CPU
		{CCAA7AFE-C094-4D82-A66D-630DE8A3F545}.Debug|Any CPU.ActiveCfg = Debug|Any CPU
		{CCAA7AFE-C094-4D82-A66D-630DE8A3F545}.Debug|Any CPU.Build.0 = Debug|Any CPU
		{CCAA7AFE-C094-4D82-A66D-630DE8A3F545}.Release|Any CPU.ActiveCfg = Release|Any CPU
		{CCAA7AFE-C094-4D82-A66D-630DE8A3F545}.Release|Any CPU.Build.0 = Release|Any CPU
		{F8BDF57B-1571-4CD0-84B3-B422088D359A}.Debug|Any CPU.ActiveCfg = Debug|Any CPU
		{F8BDF57B-1571-4CD0-84B3-B422088D359A}.Debug|Any CPU.Build.0 = Debug|Any CPU
		{F8BDF57B-1571-4CD0-84B3-B422088D359A}.Release|Any CPU.ActiveCfg = Release|Any CPU
		{F8BDF57B-1571-4CD0-84B3-B422088D359A}.Release|Any CPU.Build.0 = Release|Any CPU
	EndGlobalSection
EndGlobal
